{
  "name": "my-module-b",
  "version": "1.0.0",
  "lockfileVersion": 2,
  "requires": true,
  "packages": {
    "": {
      "name": "my-module-b",
      "version": "1.0.0",
      "license": "ISC",
      "dependencies": {
        "my-module-a": "file:../my-module-a"
      }
    },
    "../my-module-a": {
      "version": "1.0.0",
      "license": "ISC",
      "dependencies": {
        "react": "^17.0.2"
      }
    },
    "node_modules/my-module-a": {
      "resolved": "../my-module-a",
      "link": true
    }
  },
  "dependencies": {
    "my-module-a": {
      "version": "file:../my-module-a",
      "requires": {
        "react": "^17.0.2"
      }
    }
  }
}
